{
  "version": 4,
  "terraform_version": "1.8.2",
  "serial": 15,
  "lineage": "66b1b098-287f-7076-ea2a-eb7c947812b2",
  "outputs": {},
  "resources": [
    {
      "mode": "managed",
      "type": "openstack_compute_instance_v2",
      "name": "VM-1",
      "provider": "provider[\"registry.terraform.io/terraform-provider-openstack/openstack\"]",
      "instances": [
        {
          "schema_version": 0,
          "attributes": {
            "access_ip_v4": "192.168.2.56",
            "access_ip_v6": "",
            "admin_pass": null,
            "all_metadata": {},
            "all_tags": [],
            "availability_zone": "nova",
            "availability_zone_hints": null,
            "block_device": [],
            "config_drive": null,
            "created": "2025-06-24 08:25:23 +0000 UTC",
            "flavor_id": "2",
            "flavor_name": "m1.small",
            "floating_ip": null,
            "force_delete": false,
            "id": "d545c0bd-ed74-4014-b41e-4126709713c1",
            "image_id": "1c484ac9-7112-437d-9ab3-02e84371a8d7",
            "image_name": "Ubuntu-server-22.04",
            "key_pair": "my-key",
            "metadata": null,
            "name": "VM-1",
            "network": [
              {
                "access_network": false,
                "fixed_ip_v4": "192.168.2.56",
                "fixed_ip_v6": "",
                "floating_ip": "",
                "mac": "fa:16:3e:98:85:31",
                "name": "M_internal_net",
                "port": "",
                "uuid": "c667ea9d-b175-4933-a2c7-28025463f554"
              }
            ],
            "network_mode": null,
            "personality": [],
            "power_state": "active",
            "region": "RegionOne",
            "scheduler_hints": [],
            "security_groups": [
              "Test_SG"
            ],
            "stop_before_destroy": false,
            "tags": null,
            "timeouts": null,
            "updated": "2025-06-24 08:27:03 +0000 UTC",
            "user_data": null,
            "vendor_options": [],
            "volume": []
          },
          "sensitive_attributes": [
            [
              {
                "type": "get_attr",
                "value": "admin_pass"
              }
            ]
          ],
          "private": "eyJlMmJmYjczMC1lY2FhLTExZTYtOGY4OC0zNDM2M2JjN2M0YzAiOnsiY3JlYXRlIjoxODAwMDAwMDAwMDAwLCJkZWxldGUiOjE4MDAwMDAwMDAwMDAsInVwZGF0ZSI6MTgwMDAwMDAwMDAwMH19"
        }
      ]
    }
  ],
  "check_results": null
}
